
Microsoft Visual Studio Solution File, Format Version 12.00
# Visual Studio Version 16
VisualStudioVersion = 25.0.1704.0
MinimumVisualStudioVersion = 10.0.40219.1
Project("{FAE04EC0-301F-11D3-BF4B-00C04F79EFBC}") = "sum", "sum\sum.csproj", "{BEF13CC4-B8C0-4FBD-BCC6-38A41949A8D7}"
EndProject
Global
	GlobalSection(SolutionConfigurationPlatforms) = preSolution
		Debug|Any CPU = Debug|Any CPU
		Release|Any CPU = Release|Any CPU
	EndGlobalSection
	GlobalSection(ProjectConfigurationPlatforms) = postSolution
		{BEF13CC4-B8C0-4FBD-BCC6-38A41949A8D7}.Debug|Any CPU.ActiveCfg = Debug|Any CPU
		{BEF13CC4-B8C0-4FBD-BCC6-38A41949A8D7}.Debug|Any CPU.Build.0 = Debug|Any CPU
		{BEF13CC4-B8C0-4FBD-BCC6-38A41949A8D7}.Release|Any CPU.ActiveCfg = Release|Any CPU
		{BEF13CC4-B8C0-4FBD-BCC6-38A41949A8D7}.Release|Any CPU.Build.0 = Release|Any CPU
	EndGlobalSection
	GlobalSection(SolutionProperties) = preSolution
		HideSolutionNode = FALSE
	EndGlobalSection
	GlobalSection(ExtensibilityGlobals) = postSolution
		SolutionGuid = {56ABB3DE-11A0-4049-BFFC-BEA1E4A3A18C}
	EndGlobalSection
EndGlobal
